{
	"name": "Action_Sheet",
	"version": "0.0.1",
	"lockfileVersion": 1,
	"requires": true,
	"dependencies": {
		"@yfuks/react-native-action-sheet": {
			"version": "0.0.4",
			"resolved": "http://registry.npm.taobao.org/@yfuks/react-native-action-sheet/download/@yfuks/react-native-action-sheet-0.0.4.tgz",
			"integrity": "sha1-g4i4NpbXUIhbKG91N2suYf4HK3k="
		}
	}
}
